
Microsoft Visual Studio Solution File, Format Version 12.00
# Visual Studio Version 17
VisualStudioVersion = 17.4.33205.214
MinimumVisualStudioVersion = 10.0.40219.1
Project("{FAE04EC0-301F-11D3-BF4B-00C04F79EFBC}") = "Calculator_App", "Calculator_App\Calculator_App.csproj", "{2B0F9CEA-0DBD-493C-9DC7-D9089A60F013}"
EndProject
Global
	GlobalSection(SolutionConfigurationPlatforms) = preSolution
		Debug|Any CPU = Debug|Any CPU
		Release|Any CPU = Release|Any CPU
	EndGlobalSection
	GlobalSection(ProjectConfigurationPlatforms) = postSolution
		{2B0F9CEA-0DBD-493C-9DC7-D9089A60F013}.Debug|Any CPU.ActiveCfg = Debug|Any CPU
		{2B0F9CEA-0DBD-493C-9DC7-D9089A60F013}.Debug|Any CPU.Build.0 = Debug|Any CPU
		{2B0F9CEA-0DBD-493C-9DC7-D9089A60F013}.Release|Any CPU.ActiveCfg = Release|Any CPU
		{2B0F9CEA-0DBD-493C-9DC7-D9089A60F013}.Release|Any CPU.Build.0 = Release|Any CPU
	EndGlobalSection
	GlobalSection(SolutionProperties) = preSolution
		HideSolutionNode = FALSE
	EndGlobalSection
	GlobalSection(ExtensibilityGlobals) = postSolution
		SolutionGuid = {3FF5C274-243D-4E0E-8127-67E2363D0FF9}
	EndGlobalSection
EndGlobal
